
Microsoft Visual Studio Solution File, Format Version 12.00
# Visual Studio 15
VisualStudioVersion = 15.0.28307.572
MinimumVisualStudioVersion = 10.0.40219.1
Project("{FAE04EC0-301F-11D3-BF4B-00C04F79EFBC}") = "LogTime", "LogTime\LogTime.csproj", "{F12F1A9C-BDD0-46FA-844F-3092A69068E4}"
EndProject
Global
	GlobalSection(SolutionConfigurationPlatforms) = preSolution
		Debug|Any CPU = Debug|Any CPU
		Release|Any CPU = Release|Any CPU
	EndGlobalSection
	GlobalSection(ProjectConfigurationPlatforms) = postSolution
		{F12F1A9C-BDD0-46FA-844F-3092A69068E4}.Debug|Any CPU.ActiveCfg = Debug|Any CPU
		{F12F1A9C-BDD0-46FA-844F-3092A69068E4}.Debug|Any CPU.Build.0 = Debug|Any CPU
		{F12F1A9C-BDD0-46FA-844F-3092A69068E4}.Release|Any CPU.ActiveCfg = Release|Any CPU
		{F12F1A9C-BDD0-46FA-844F-3092A69068E4}.Release|Any CPU.Build.0 = Release|Any CPU
	EndGlobalSection
	GlobalSection(SolutionProperties) = preSolution
		HideSolutionNode = FALSE
	EndGlobalSection
	GlobalSection(ExtensibilityGlobals) = postSolution
		SolutionGuid = {208545A9-F989-4005-B8A4-A63202561A20}
	EndGlobalSection
EndGlobal
